
Microsoft Visual Studio Solution File, Format Version 12.00
# Visual Studio Version 17
VisualStudioVersion = 17.1.32319.34
MinimumVisualStudioVersion = 10.0.40219.1
Project("{FAE04EC0-301F-11D3-BF4B-00C04F79EFBC}") = "ServersDataAggregation.App", "ServersDataAggregation.App\ServersDataAggregation.App.csproj", "{25EB8F9F-749B-4861-8341-008809E2046B}"
EndProject
Project("{FAE04EC0-301F-11D3-BF4B-00C04F79EFBC}") = "ServersDataAggregation.Query", "ServerDataAggregation.Query\ServersDataAggregation.Query.csproj", "{7B67230F-A9F8-4844-BAFA-E49C2DDDB799}"
EndProject
Project("{FAE04EC0-301F-11D3-BF4B-00C04F79EFBC}") = "ServerDataAggregation.Persistence", "ServerDataAggregation.Persistence\ServerDataAggregation.Persistence.csproj", "{CF15D21F-8102-45EA-A105-A1F187D921C3}"
EndProject
Project("{FAE04EC0-301F-11D3-BF4B-00C04F79EFBC}") = "ServersDataAggregation.Service", "ServersDataAggregation.Service\ServersDataAggregation.Service.csproj", "{219F6069-F3AB-4B11-8A3D-56A82089B64F}"
EndProject
Project("{FAE04EC0-301F-11D3-BF4B-00C04F79EFBC}") = "ServersDataAggregation.Common", "ServersDataAggregation.Interface\ServersDataAggregation.Common.csproj", "{FC711A43-C6E1-4D46-892E-D9F345438FB2}"
EndProject
Global
	GlobalSection(SolutionConfigurationPlatforms) = preSolution
		Debug|Any CPU = Debug|Any CPU
		Release|Any CPU = Release|Any CPU
	EndGlobalSection
	GlobalSection(ProjectConfigurationPlatforms) = postSolution
		{25EB8F9F-749B-4861-8341-008809E2046B}.Debug|Any CPU.ActiveCfg = Debug|Any CPU
		{25EB8F9F-749B-4861-8341-008809E2046B}.Debug|Any CPU.Build.0 = Debug|Any CPU
		{25EB8F9F-749B-4861-8341-008809E2046B}.Release|Any CPU.ActiveCfg = Release|Any CPU
		{25EB8F9F-749B-4861-8341-008809E2046B}.Release|Any CPU.Build.0 = Release|Any CPU
		{7B67230F-A9F8-4844-BAFA-E49C2DDDB799}.Debug|Any CPU.ActiveCfg = Debug|Any CPU
		{7B67230F-A9F8-4844-BAFA-E49C2DDDB799}.Debug|Any CPU.Build.0 = Debug|Any CPU
		{7B67230F-A9F8-4844-BAFA-E49C2DDDB799}.Release|Any CPU.ActiveCfg = Release|Any CPU
		{7B67230F-A9F8-4844-BAFA-E49C2DDDB799}.Release|Any CPU.Build.0 = Release|Any CPU
		{CF15D21F-8102-45EA-A105-A1F187D921C3}.Debug|Any CPU.ActiveCfg = Debug|Any CPU
		{CF15D21F-8102-45EA-A105-A1F187D921C3}.Debug|Any CPU.Build.0 = Debug|Any CPU
		{CF15D21F-8102-45EA-A105-A1F187D921C3}.Release|Any CPU.ActiveCfg = Release|Any CPU
		{CF15D21F-8102-45EA-A105-A1F187D921C3}.Release|Any CPU.Build.0 = Release|Any CPU
		{219F6069-F3AB-4B11-8A3D-56A82089B64F}.Debug|Any CPU.ActiveCfg = Debug|Any CPU
		{219F6069-F3AB-4B11-8A3D-56A82089B64F}.Debug|Any CPU.Build.0 = Debug|Any CPU
		{219F6069-F3AB-4B11-8A3D-56A82089B64F}.Release|Any CPU.ActiveCfg = Release|Any CPU
		{219F6069-F3AB-4B11-8A3D-56A82089B64F}.Release|Any CPU.Build.0 = Release|Any CPU
		{FC711A43-C6E1-4D46-892E-D9F345438FB2}.Debug|Any CPU.ActiveCfg = Debug|Any CPU
		{FC711A43-C6E1-4D46-892E-D9F345438FB2}.Debug|Any CPU.Build.0 = Debug|Any CPU
		{FC711A43-C6E1-4D46-892E-D9F345438FB2}.Release|Any CPU.ActiveCfg = Release|Any CPU
		{FC711A43-C6E1-4D46-892E-D9F345438FB2}.Release|Any CPU.Build.0 = Release|Any CPU
	EndGlobalSection
	GlobalSection(SolutionProperties) = preSolution
		HideSolutionNode = FALSE
	EndGlobalSection
	GlobalSection(ExtensibilityGlobals) = postSolution
		SolutionGuid = {307A9F62-D61B-40C1-9CE2-C5EF62090E62}
	EndGlobalSection
EndGlobal
